dependencies:
- name: postgresql
  repository: https://charts.bitnami.com/bitnami
  version: 18.7.7
- name: redis
  repository: https://charts.bitnami.com/bitnami
  version: 27.0.12
digest: sha256:82ddb93a07de15e5c4ea81772e85284ff9ab6b7fbab3014b2fe95b4d439038d1
generated: "2026-06-23T18:35:29.750065029+05:30"
